// !$*UTF8*$!
{
	archiveVersion = 1;
	classes = {
	};
	objectVersion = 56;
	objects = {

/* Begin PBXBuildFile section */
		33046B9B1100E8BF35FF35ED /* PromptumTests.swift in Sources */ = {isa = PBXBuildFile; fileRef = A0DC010ADCC883ABCBD672F8 /* PromptumTests.swift */; };
		55A7E899F8EB99FDE172F87B /* TuistBundle+Promptum.swift in Sources */ = {isa = PBXBuildFile; fileRef = 39D9976A7C28F008ECE24777 /* TuistBundle+Promptum.swift */; };
		A48A517E0F8BC2A3CE267005 /* ContentView.swift in Sources */ = {isa = PBXBuildFile; fileRef = D9A5F1D6D94B53F3F710541A /* ContentView.swift */; };
		AEE8333B2BAB511E00786D60 /* Alamofire in Frameworks */ = {isa = PBXBuildFile; productRef = AEE8333A2BAB511E00786D60 /* Alamofire */; };
		AEE8333D2BAB511E00786D60 /* AlamofireDynamic in Frameworks */ = {isa = PBXBuildFile; productRef = AEE8333C2BAB511E00786D60 /* AlamofireDynamic */; };
		AEE833432BAB520000786D60 /* OpenAISwift in Frameworks */ = {isa = PBXBuildFile; productRef = AEE833422BAB520000786D60 /* OpenAISwift */; };
		AEE833492BAB552D00786D60 /* OpenAIService.swift in Sources */ = {isa = PBXBuildFile; fileRef = AEE833482BAB552D00786D60 /* OpenAIService.swift */; };
		AEE8334B2BAB553400786D60 /* Constants.swift in Sources */ = {isa = PBXBuildFile; fileRef = AEE8334A2BAB553400786D60 /* Constants.swift */; };
		AEE8334D2BAB564000786D60 /* Resources in Resources */ = {isa = PBXBuildFile; fileRef = AEE8334C2BAB564000786D60 /* Resources */; };
		AEE8334F2BAB97D700786D60 /* .swiftformat in Resources */ = {isa = PBXBuildFile; fileRef = AEE8334E2BAB97D700786D60 /* .swiftformat */; };
		CD635E5E3B16DF7A3DA118B1 /* PromptumApp.swift in Sources */ = {isa = PBXBuildFile; fileRef = 989E1D31A60BBDF0B996CBD5 /* PromptumApp.swift */; };
		D849918EC95CF6A3695BF7B6 /* TuistAssets+Promptum.swift in Sources */ = {isa = PBXBuildFile; fileRef = 01A3B42BC020227027451E0E /* TuistAssets+Promptum.swift */; };
/* End PBXBuildFile section */

/* Begin PBXContainerItemProxy section */
		FE2A7B9C6B2529A9BBCDA1CA /* PBXContainerItemProxy */ = {
			isa = PBXContainerItemProxy;
			containerPortal = 13BF14E40FA2B47BC49CBC76 /* Project object */;
			proxyType = 1;
			remoteGlobalIDString = 7DB3756927A98069EAF40D6F;
			remoteInfo = Promptum;
		};
/* End PBXContainerItemProxy section */

/* Begin PBXCopyFilesBuildPhase section */
		A4824082853F125EC333B6EF /* Embed Frameworks */ = {
			isa = PBXCopyFilesBuildPhase;
			buildActionMask = 2147483647;
			dstPath = "";
			dstSubfolderSpec = 10;
			files = (
			);
			name = "Embed Frameworks";
			runOnlyForDeploymentPostprocessing = 0;
		};
		E358BAA20B761AAF4926AFA1 /* Embed Frameworks */ = {
			isa = PBXCopyFilesBuildPhase;
			buildActionMask = 2147483647;
			dstPath = "";
			dstSubfolderSpec = 10;
			files = (
			);
			name = "Embed Frameworks";
			runOnlyForDeploymentPostprocessing = 0;
		};
/* End PBXCopyFilesBuildPhase section */

/* Begin PBXFileReference section */
		01A3B42BC020227027451E0E /* TuistAssets+Promptum.swift */ = {isa = PBXFileReference; lastKnownFileType = sourcecode.swift; path = "TuistAssets+Promptum.swift"; sourceTree = "<group>"; };
		0929FFBED7188A54153199DF /* Promptum-Info.plist */ = {isa = PBXFileReference; lastKnownFileType = text.plist; path = "Promptum-Info.plist"; sourceTree = "<group>"; };
		1E5F27CD7636A81EB28E1093 /* PromptumTests-Info.plist */ = {isa = PBXFileReference; lastKnownFileType = text.plist; path = "PromptumTests-Info.plist"; sourceTree = "<group>"; };
		24E38964266CC7B5202EDFA6 /* PromptumTests.xctest */ = {isa = PBXFileReference; explicitFileType = wrapper.cfbundle; includeInIndex = 0; path = PromptumTests.xctest; sourceTree = BUILT_PRODUCTS_DIR; };
		39D9976A7C28F008ECE24777 /* TuistBundle+Promptum.swift */ = {isa = PBXFileReference; lastKnownFileType = sourcecode.swift; path = "TuistBundle+Promptum.swift"; sourceTree = "<group>"; };
		989E1D31A60BBDF0B996CBD5 /* PromptumApp.swift */ = {isa = PBXFileReference; lastKnownFileType = sourcecode.swift; path = PromptumApp.swift; sourceTree = "<group>"; };
		A0DC010ADCC883ABCBD672F8 /* PromptumTests.swift */ = {isa = PBXFileReference; lastKnownFileType = sourcecode.swift; path = PromptumTests.swift; sourceTree = "<group>"; };
		A6ABA019FB63D6C7B471D17D /* Promptum.app */ = {isa = PBXFileReference; explicitFileType = wrapper.application; includeInIndex = 0; path = Promptum.app; sourceTree = BUILT_PRODUCTS_DIR; };
		AEE833482BAB552D00786D60 /* OpenAIService.swift */ = {isa = PBXFileReference; fileEncoding = 4; lastKnownFileType = sourcecode.swift; path = OpenAIService.swift; sourceTree = "<group>"; };
		AEE8334A2BAB553400786D60 /* Constants.swift */ = {isa = PBXFileReference; fileEncoding = 4; lastKnownFileType = sourcecode.swift; path = Constants.swift; sourceTree = "<group>"; };
		AEE8334C2BAB564000786D60 /* Resources */ = {isa = PBXFileReference; lastKnownFileType = folder; path = Resources; sourceTree = "<group>"; };
		AEE8334E2BAB97D700786D60 /* .swiftformat */ = {isa = PBXFileReference; fileEncoding = 4; lastKnownFileType = text; path = .swiftformat; sourceTree = "<group>"; };
		D9A5F1D6D94B53F3F710541A /* ContentView.swift */ = {isa = PBXFileReference; lastKnownFileType = sourcecode.swift; path = ContentView.swift; sourceTree = "<group>"; };
/* End PBXFileReference section */

/* Begin PBXFrameworksBuildPhase section */
		8C0E16A8651266E973AFBD49 /* Frameworks */ = {
			isa = PBXFrameworksBuildPhase;
			buildActionMask = 2147483647;
			files = (
			);
			runOnlyForDeploymentPostprocessing = 0;
		};
		8D7D0515095ACBCC7E47BCF8 /* Frameworks */ = {
			isa = PBXFrameworksBuildPhase;
			buildActionMask = 2147483647;
			files = (
				AEE8333B2BAB511E00786D60 /* Alamofire in Frameworks */,
				AEE833432BAB520000786D60 /* OpenAISwift in Frameworks */,
				AEE8333D2BAB511E00786D60 /* AlamofireDynamic in Frameworks */,
			);
			runOnlyForDeploymentPostprocessing = 0;
		};
/* End PBXFrameworksBuildPhase section */

/* Begin PBXGroup section */
		15C943120B10EEEF533A5585 /* InfoPlists */ = {
			isa = PBXGroup;
			children = (
				0929FFBED7188A54153199DF /* Promptum-Info.plist */,
				1E5F27CD7636A81EB28E1093 /* PromptumTests-Info.plist */,
			);
			path = InfoPlists;
			sourceTree = "<group>";
		};
		2107FCC0F56B52695A95A383 /* Promptum */ = {
			isa = PBXGroup;
			children = (
				AEE8334C2BAB564000786D60 /* Resources */,
				AEA293046E28FC07E6223034 /* Sources */,
				8C8C9ABF352D07C5F823B547 /* Tests */,
			);
			path = Promptum;
			sourceTree = "<group>";
		};
		3004E4D6083E5BE1CF12DAEA /* Frameworks */ = {
			isa = PBXGroup;
			children = (
			);
			name = Frameworks;
			sourceTree = "<group>";
		};
		444DB5244234F885AB1FDC3E /* Sources */ = {
			isa = PBXGroup;
			children = (
				01A3B42BC020227027451E0E /* TuistAssets+Promptum.swift */,
				39D9976A7C28F008ECE24777 /* TuistBundle+Promptum.swift */,
			);
			path = Sources;
			sourceTree = "<group>";
		};
		454600C9444D5FC7BB2D8AB2 /* Products */ = {
			isa = PBXGroup;
			children = (
				A6ABA019FB63D6C7B471D17D /* Promptum.app */,
				24E38964266CC7B5202EDFA6 /* PromptumTests.xctest */,
			);
			name = Products;
			sourceTree = "<group>";
		};
		6AE57B7845530C85F4179959 /* Cache */ = {
			isa = PBXGroup;
			children = (
			);
			name = Cache;
			sourceTree = "<group>";
		};
		88B715210FE87107D9F2268C = {
			isa = PBXGroup;
			children = (
				AEE8334E2BAB97D700786D60 /* .swiftformat */,
				DD2828F327302816AC06A4D6 /* Project */,
				3004E4D6083E5BE1CF12DAEA /* Frameworks */,
				6AE57B7845530C85F4179959 /* Cache */,
				454600C9444D5FC7BB2D8AB2 /* Products */,
			);
			sourceTree = "<group>";
		};
		8C8C9ABF352D07C5F823B547 /* Tests */ = {
			isa = PBXGroup;
			children = (
				A0DC010ADCC883ABCBD672F8 /* PromptumTests.swift */,
			);
			path = Tests;
			sourceTree = "<group>";
		};
		AEA293046E28FC07E6223034 /* Sources */ = {
			isa = PBXGroup;
			children = (
				AEE8334A2BAB553400786D60 /* Constants.swift */,
				AEE833482BAB552D00786D60 /* OpenAIService.swift */,
				D9A5F1D6D94B53F3F710541A /* ContentView.swift */,
				989E1D31A60BBDF0B996CBD5 /* PromptumApp.swift */,
			);
			path = Sources;
			sourceTree = "<group>";
		};
		DA8CF48606FAF6896A3AACAE /* Derived */ = {
			isa = PBXGroup;
			children = (
				15C943120B10EEEF533A5585 /* InfoPlists */,
				444DB5244234F885AB1FDC3E /* Sources */,
			);
			path = Derived;
			sourceTree = "<group>";
		};
		DD2828F327302816AC06A4D6 /* Project */ = {
			isa = PBXGroup;
			children = (
				DA8CF48606FAF6896A3AACAE /* Derived */,
				2107FCC0F56B52695A95A383 /* Promptum */,
			);
			name = Project;
			sourceTree = "<group>";
		};
/* End PBXGroup section */

/* Begin PBXNativeTarget section */
		7DB3756927A98069EAF40D6F /* Promptum */ = {
			isa = PBXNativeTarget;
			buildConfigurationList = 7D6A4781BDBA2614E4C1E5CD /* Build configuration list for PBXNativeTarget "Promptum" */;
			buildPhases = (
				E1B60DF0CBFA655C2CF283E4 /* Sources */,
				9993C3F17BDBF540EA164EEB /* Resources */,
				E358BAA20B761AAF4926AFA1 /* Embed Frameworks */,
				8D7D0515095ACBCC7E47BCF8 /* Frameworks */,
			);
			buildRules = (
			);
			dependencies = (
			);
			name = Promptum;
			packageProductDependencies = (
				AEE8333A2BAB511E00786D60 /* Alamofire */,
				AEE8333C2BAB511E00786D60 /* AlamofireDynamic */,
				AEE833422BAB520000786D60 /* OpenAISwift */,
			);
			productName = Promptum;
			productReference = A6ABA019FB63D6C7B471D17D /* Promptum.app */;
			productType = "com.apple.product-type.application";
		};
		9DD0C4616A167C3BA567D06D /* PromptumTests */ = {
			isa = PBXNativeTarget;
			buildConfigurationList = A6EFCBC69CFD1950DF27468F /* Build configuration list for PBXNativeTarget "PromptumTests" */;
			buildPhases = (
				1683B717E342D1A450A13964 /* Sources */,
				399248D98C6F8137A0923904 /* Resources */,
				A4824082853F125EC333B6EF /* Embed Frameworks */,
				8C0E16A8651266E973AFBD49 /* Frameworks */,
			);
			buildRules = (
			);
			dependencies = (
				8378B21D2835EFD59AA5E890 /* PBXTargetDependency */,
			);
			name = PromptumTests;
			productName = PromptumTests;
			productReference = 24E38964266CC7B5202EDFA6 /* PromptumTests.xctest */;
			productType = "com.apple.product-type.bundle.unit-test";
		};
/* End PBXNativeTarget section */

/* Begin PBXProject section */
		13BF14E40FA2B47BC49CBC76 /* Project object */ = {
			isa = PBXProject;
			attributes = {
				BuildIndependentTargetsInParallel = YES;
				LastUpgradeCheck = 1520;
				TargetAttributes = {
					9DD0C4616A167C3BA567D06D = {
						TestTargetID = 7DB3756927A98069EAF40D6F;
					};
				};
			};
			buildConfigurationList = D30F6A2866C01FDDCE8D4782 /* Build configuration list for PBXProject "Promptum" */;
			compatibilityVersion = "Xcode 14.0";
			developmentRegion = en;
			hasScannedForEncodings = 0;
			knownRegions = (
				Base,
				en,
			);
			mainGroup = 88B715210FE87107D9F2268C;
			packageReferences = (
				AEE833392BAB511E00786D60 /* XCRemoteSwiftPackageReference "Alamofire" */,
				AEE833412BAB520000786D60 /* XCRemoteSwiftPackageReference "OpenAISwift" */,
			);
			productRefGroup = 454600C9444D5FC7BB2D8AB2 /* Products */;
			projectDirPath = "";
			projectRoot = "";
			targets = (
				7DB3756927A98069EAF40D6F /* Promptum */,
				9DD0C4616A167C3BA567D06D /* PromptumTests */,
			);
		};
/* End PBXProject section */

/* Begin PBXResourcesBuildPhase section */
		399248D98C6F8137A0923904 /* Resources */ = {
			isa = PBXResourcesBuildPhase;
			buildActionMask = 2147483647;
			files = (
			);
			runOnlyForDeploymentPostprocessing = 0;
		};
		9993C3F17BDBF540EA164EEB /* Resources */ = {
			isa = PBXResourcesBuildPhase;
			buildActionMask = 2147483647;
			files = (
				AEE8334F2BAB97D700786D60 /* .swiftformat in Resources */,
				AEE8334D2BAB564000786D60 /* Resources in Resources */,
			);
			runOnlyForDeploymentPostprocessing = 0;
		};
/* End PBXResourcesBuildPhase section */

/* Begin PBXSourcesBuildPhase section */
		1683B717E342D1A450A13964 /* Sources */ = {
			isa = PBXSourcesBuildPhase;
			buildActionMask = 2147483647;
			files = (
				33046B9B1100E8BF35FF35ED /* PromptumTests.swift in Sources */,
			);
			runOnlyForDeploymentPostprocessing = 0;
		};
		E1B60DF0CBFA655C2CF283E4 /* Sources */ = {
			isa = PBXSourcesBuildPhase;
			buildActionMask = 2147483647;
			files = (
				D849918EC95CF6A3695BF7B6 /* TuistAssets+Promptum.swift in Sources */,
				55A7E899F8EB99FDE172F87B /* TuistBundle+Promptum.swift in Sources */,
				AEE833492BAB552D00786D60 /* OpenAIService.swift in Sources */,
				A48A517E0F8BC2A3CE267005 /* ContentView.swift in Sources */,
				CD635E5E3B16DF7A3DA118B1 /* PromptumApp.swift in Sources */,
				AEE8334B2BAB553400786D60 /* Constants.swift in Sources */,
			);
			runOnlyForDeploymentPostprocessing = 0;
		};
/* End PBXSourcesBuildPhase section */

/* Begin PBXTargetDependency section */
		8378B21D2835EFD59AA5E890 /* PBXTargetDependency */ = {
			isa = PBXTargetDependency;
			name = Promptum;
			target = 7DB3756927A98069EAF40D6F /* Promptum */;
			targetProxy = FE2A7B9C6B2529A9BBCDA1CA /* PBXContainerItemProxy */;
		};
/* End PBXTargetDependency section */

/* Begin XCBuildConfiguration section */
		5FD4AFF0A4358324800FF28A /* Release */ = {
			isa = XCBuildConfiguration;
			buildSettings = {
				BUNDLE_LOADER = "$(TEST_HOST)";
				CODE_SIGN_IDENTITY = "iPhone Developer";
				INFOPLIST_FILE = "Derived/InfoPlists/PromptumTests-Info.plist";
				LD_RUNPATH_SEARCH_PATHS = (
					"$(inherited)",
					"@executable_path/Frameworks",
					"@loader_path/Frameworks",
				);
				PRODUCT_BUNDLE_IDENTIFIER = io.tuist.PromptumTests;
				PRODUCT_NAME = PromptumTests;
				SDKROOT = iphoneos;
				SUPPORTS_MACCATALYST = NO;
				SUPPORTS_MAC_DESIGNED_FOR_IPHONE_IPAD = YES;
				SUPPORTS_XR_DESIGNED_FOR_IPHONE_IPAD = NO;
				SWIFT_COMPILATION_MODE = wholemodule;
				SWIFT_OPTIMIZATION_LEVEL = "-Owholemodule";
				SWIFT_VERSION = 5.0;
				TARGETED_DEVICE_FAMILY = "1,2";
				TEST_HOST = "$(BUILT_PRODUCTS_DIR)/Promptum.app/$(BUNDLE_EXECUTABLE_FOLDER_PATH)/Promptum";
				TEST_TARGET_NAME = Promptum;
			};
			name = Release;
		};
		62F7D0AD6B2A4F8243CC14AF /* Release */ = {
			isa = XCBuildConfiguration;
			buildSettings = {
				ASSETCATALOG_COMPILER_APPICON_NAME = AppIcon;
				CODE_SIGN_IDENTITY = "iPhone Developer";
				CURRENT_PROJECT_VERSION = 1.0;
				ENABLE_PREVIEWS = YES;
				INFOPLIST_FILE = "Derived/InfoPlists/Promptum-Info.plist";
				IPHONEOS_DEPLOYMENT_TARGET = 16.0;
				LD_RUNPATH_SEARCH_PATHS = (
					"$(inherited)",
					"@executable_path/Frameworks",
				);
				MARKETING_VERSION = 1;
				PRODUCT_BUNDLE_IDENTIFIER = io.tuist.Promptum;
				PRODUCT_NAME = Promptum;
				SDKROOT = iphoneos;
				SUPPORTED_PLATFORMS = "iphoneos iphonesimulator";
				SUPPORTS_MACCATALYST = NO;
				SUPPORTS_MAC_DESIGNED_FOR_IPHONE_IPAD = NO;
				SUPPORTS_XR_DESIGNED_FOR_IPHONE_IPAD = NO;
				SWIFT_COMPILATION_MODE = wholemodule;
				SWIFT_OPTIMIZATION_LEVEL = "-Owholemodule";
				SWIFT_VERSION = 5.0;
				TARGETED_DEVICE_FAMILY = 1;
			};
			name = Release;
		};
		68421BF11729C1A0CB2A5BBC /* Debug */ = {
			isa = XCBuildConfiguration;
			buildSettings = {
				ALWAYS_SEARCH_USER_PATHS = NO;
				ASSETCATALOG_COMPILER_GENERATE_SWIFT_ASSET_SYMBOL_EXTENSIONS = YES;
				CLANG_ANALYZER_LOCALIZABILITY_NONLOCALIZED = YES;
				CLANG_ANALYZER_NONNULL = YES;
				CLANG_ANALYZER_NUMBER_OBJECT_CONVERSION = YES_AGGRESSIVE;
				CLANG_CXX_LANGUAGE_STANDARD = "gnu++14";
				CLANG_CXX_LIBRARY = "libc++";
				CLANG_ENABLE_MODULES = YES;
				CLANG_ENABLE_OBJC_ARC = YES;
				CLANG_ENABLE_OBJC_WEAK = YES;
				CLANG_WARN_BLOCK_CAPTURE_AUTORELEASING = YES;
				CLANG_WARN_BOOL_CONVERSION = YES;
				CLANG_WARN_COMMA = YES;
				CLANG_WARN_CONSTANT_CONVERSION = YES;
				CLANG_WARN_DEPRECATED_OBJC_IMPLEMENTATIONS = YES;
				CLANG_WARN_DIRECT_OBJC_ISA_USAGE = YES_ERROR;
				CLANG_WARN_DOCUMENTATION_COMMENTS = YES;
				CLANG_WARN_EMPTY_BODY = YES;
				CLANG_WARN_ENUM_CONVERSION = YES;
				CLANG_WARN_INFINITE_RECURSION = YES;
				CLANG_WARN_INT_CONVERSION = YES;
				CLANG_WARN_NON_LITERAL_NULL_CONVERSION = YES;
				CLANG_WARN_OBJC_IMPLICIT_RETAIN_SELF = YES;
				CLANG_WARN_OBJC_LITERAL_CONVERSION = YES;
				CLANG_WARN_OBJC_ROOT_CLASS = YES_ERROR;
				CLANG_WARN_QUOTED_INCLUDE_IN_FRAMEWORK_HEADER = YES;
				CLANG_WARN_RANGE_LOOP_ANALYSIS = YES;
				CLANG_WARN_STRICT_PROTOTYPES = YES;
				CLANG_WARN_SUSPICIOUS_MOVE = YES;
				CLANG_WARN_UNGUARDED_AVAILABILITY = YES_AGGRESSIVE;
				CLANG_WARN_UNREACHABLE_CODE = YES;
				CLANG_WARN__DUPLICATE_METHOD_MATCH = YES;
				COPY_PHASE_STRIP = NO;
				DEAD_CODE_STRIPPING = YES;
				DEBUG_INFORMATION_FORMAT = dwarf;
				ENABLE_STRICT_OBJC_MSGSEND = YES;
				ENABLE_TESTABILITY = YES;
				ENABLE_USER_SCRIPT_SANDBOXING = YES;
				GCC_C_LANGUAGE_STANDARD = gnu11;
				GCC_DYNAMIC_NO_PIC = NO;
				GCC_NO_COMMON_BLOCKS = YES;
				GCC_OPTIMIZATION_LEVEL = 0;
				GCC_PREPROCESSOR_DEFINITIONS = (
					"DEBUG=1",
					"$(inherited)",
				);
				GCC_WARN_64_TO_32_BIT_CONVERSION = YES;
				GCC_WARN_ABOUT_RETURN_TYPE = YES_ERROR;
				GCC_WARN_UNDECLARED_SELECTOR = YES;
				GCC_WARN_UNINITIALIZED_AUTOS = YES_AGGRESSIVE;
				GCC_WARN_UNUSED_FUNCTION = YES;
				GCC_WARN_UNUSED_VARIABLE = YES;
				MTL_ENABLE_DEBUG_INFO = YES;
				ONLY_ACTIVE_ARCH = YES;
				PRODUCT_NAME = "$(TARGET_NAME)";
			};
			name = Debug;
		};
		7ACE8DD2CE8C9A516FDC7B3B /* Release */ = {
			isa = XCBuildConfiguration;
			buildSettings = {
				ALWAYS_SEARCH_USER_PATHS = NO;
				ASSETCATALOG_COMPILER_GENERATE_SWIFT_ASSET_SYMBOL_EXTENSIONS = YES;
				CLANG_ANALYZER_LOCALIZABILITY_NONLOCALIZED = YES;
				CLANG_ANALYZER_NONNULL = YES;
				CLANG_ANALYZER_NUMBER_OBJECT_CONVERSION = YES_AGGRESSIVE;
				CLANG_CXX_LANGUAGE_STANDARD = "gnu++14";
				CLANG_CXX_LIBRARY = "libc++";
				CLANG_ENABLE_MODULES = YES;
				CLANG_ENABLE_OBJC_ARC = YES;
				CLANG_ENABLE_OBJC_WEAK = YES;
				CLANG_WARN_BLOCK_CAPTURE_AUTORELEASING = YES;
				CLANG_WARN_BOOL_CONVERSION = YES;
				CLANG_WARN_COMMA = YES;
				CLANG_WARN_CONSTANT_CONVERSION = YES;
				CLANG_WARN_DEPRECATED_OBJC_IMPLEMENTATIONS = YES;
				CLANG_WARN_DIRECT_OBJC_ISA_USAGE = YES_ERROR;
				CLANG_WARN_DOCUMENTATION_COMMENTS = YES;
				CLANG_WARN_EMPTY_BODY = YES;
				CLANG_WARN_ENUM_CONVERSION = YES;
				CLANG_WARN_INFINITE_RECURSION = YES;
				CLANG_WARN_INT_CONVERSION = YES;
				CLANG_WARN_NON_LITERAL_NULL_CONVERSION = YES;
				CLANG_WARN_OBJC_IMPLICIT_RETAIN_SELF = YES;
				CLANG_WARN_OBJC_LITERAL_CONVERSION = YES;
				CLANG_WARN_OBJC_ROOT_CLASS = YES_ERROR;
				CLANG_WARN_QUOTED_INCLUDE_IN_FRAMEWORK_HEADER = YES;
				CLANG_WARN_RANGE_LOOP_ANALYSIS = YES;
				CLANG_WARN_STRICT_PROTOTYPES = YES;
				CLANG_WARN_SUSPICIOUS_MOVE = YES;
				CLANG_WARN_UNGUARDED_AVAILABILITY = YES_AGGRESSIVE;
				CLANG_WARN_UNREACHABLE_CODE = YES;
				CLANG_WARN__DUPLICATE_METHOD_MATCH = YES;
				COPY_PHASE_STRIP = NO;
				DEAD_CODE_STRIPPING = YES;
				DEBUG_INFORMATION_FORMAT = "dwarf-with-dsym";
				ENABLE_NS_ASSERTIONS = NO;
				ENABLE_STRICT_OBJC_MSGSEND = YES;
				ENABLE_USER_SCRIPT_SANDBOXING = YES;
				GCC_C_LANGUAGE_STANDARD = gnu11;
				GCC_NO_COMMON_BLOCKS = YES;
				GCC_WARN_64_TO_32_BIT_CONVERSION = YES;
				GCC_WARN_ABOUT_RETURN_TYPE = YES_ERROR;
				GCC_WARN_UNDECLARED_SELECTOR = YES;
				GCC_WARN_UNINITIALIZED_AUTOS = YES_AGGRESSIVE;
				GCC_WARN_UNUSED_FUNCTION = YES;
				GCC_WARN_UNUSED_VARIABLE = YES;
				MTL_ENABLE_DEBUG_INFO = NO;
				PRODUCT_NAME = "$(TARGET_NAME)";
				VALIDATE_PRODUCT = YES;
			};
			name = Release;
		};
		82C5AA3FC21EF3E2522D118F /* Debug */ = {
			isa = XCBuildConfiguration;
			buildSettings = {
				ASSETCATALOG_COMPILER_APPICON_NAME = AppIcon;
				CODE_SIGN_IDENTITY = "iPhone Developer";
				CURRENT_PROJECT_VERSION = 1.0;
				ENABLE_PREVIEWS = YES;
				INFOPLIST_FILE = "Derived/InfoPlists/Promptum-Info.plist";
				IPHONEOS_DEPLOYMENT_TARGET = 16.0;
				LD_RUNPATH_SEARCH_PATHS = (
					"$(inherited)",
					"@executable_path/Frameworks",
				);
				MARKETING_VERSION = 1;
				PRODUCT_BUNDLE_IDENTIFIER = io.tuist.Promptum;
				PRODUCT_NAME = Promptum;
				SDKROOT = iphoneos;
				SUPPORTED_PLATFORMS = "iphoneos iphonesimulator";
				SUPPORTS_MACCATALYST = NO;
				SUPPORTS_MAC_DESIGNED_FOR_IPHONE_IPAD = NO;
				SUPPORTS_XR_DESIGNED_FOR_IPHONE_IPAD = NO;
				SWIFT_ACTIVE_COMPILATION_CONDITIONS = "$(inherited) DEBUG";
				SWIFT_COMPILATION_MODE = singlefile;
				SWIFT_OPTIMIZATION_LEVEL = "-Onone";
				SWIFT_VERSION = 5.0;
				TARGETED_DEVICE_FAMILY = 1;
			};
			name = Debug;
		};
		BF3FDD7D524FC71602C6F0D9 /* Debug */ = {
			isa = XCBuildConfiguration;
			buildSettings = {
				BUNDLE_LOADER = "$(TEST_HOST)";
				CODE_SIGN_IDENTITY = "iPhone Developer";
				INFOPLIST_FILE = "Derived/InfoPlists/PromptumTests-Info.plist";
				LD_RUNPATH_SEARCH_PATHS = (
					"$(inherited)",
					"@executable_path/Frameworks",
					"@loader_path/Frameworks",
				);
				PRODUCT_BUNDLE_IDENTIFIER = io.tuist.PromptumTests;
				PRODUCT_NAME = PromptumTests;
				SDKROOT = iphoneos;
				SUPPORTS_MACCATALYST = NO;
				SUPPORTS_MAC_DESIGNED_FOR_IPHONE_IPAD = YES;
				SUPPORTS_XR_DESIGNED_FOR_IPHONE_IPAD = NO;
				SWIFT_ACTIVE_COMPILATION_CONDITIONS = "$(inherited) DEBUG";
				SWIFT_COMPILATION_MODE = singlefile;
				SWIFT_OPTIMIZATION_LEVEL = "-Onone";
				SWIFT_VERSION = 5.0;
				TARGETED_DEVICE_FAMILY = "1,2";
				TEST_HOST = "$(BUILT_PRODUCTS_DIR)/Promptum.app/$(BUNDLE_EXECUTABLE_FOLDER_PATH)/Promptum";
				TEST_TARGET_NAME = Promptum;
			};
			name = Debug;
		};
/* End XCBuildConfiguration section */

/* Begin XCConfigurationList section */
		7D6A4781BDBA2614E4C1E5CD /* Build configuration list for PBXNativeTarget "Promptum" */ = {
			isa = XCConfigurationList;
			buildConfigurations = (
				82C5AA3FC21EF3E2522D118F /* Debug */,
				62F7D0AD6B2A4F8243CC14AF /* Release */,
			);
			defaultConfigurationIsVisible = 0;
			defaultConfigurationName = Release;
		};
		A6EFCBC69CFD1950DF27468F /* Build configuration list for PBXNativeTarget "PromptumTests" */ = {
			isa = XCConfigurationList;
			buildConfigurations = (
				BF3FDD7D524FC71602C6F0D9 /* Debug */,
				5FD4AFF0A4358324800FF28A /* Release */,
			);
			defaultConfigurationIsVisible = 0;
			defaultConfigurationName = Release;
		};
		D30F6A2866C01FDDCE8D4782 /* Build configuration list for PBXProject "Promptum" */ = {
			isa = XCConfigurationList;
			buildConfigurations = (
				68421BF11729C1A0CB2A5BBC /* Debug */,
				7ACE8DD2CE8C9A516FDC7B3B /* Release */,
			);
			defaultConfigurationIsVisible = 0;
			defaultConfigurationName = Release;
		};
/* End XCConfigurationList section */

/* Begin XCRemoteSwiftPackageReference section */
		AEE833392BAB511E00786D60 /* XCRemoteSwiftPackageReference "Alamofire" */ = {
			isa = XCRemoteSwiftPackageReference;
			repositoryURL = "https://github.com/Alamofire/Alamofire";
			requirement = {
				kind = upToNextMajorVersion;
				minimumVersion = 5.9.0;
			};
		};
		AEE833412BAB520000786D60 /* XCRemoteSwiftPackageReference "OpenAISwift" */ = {
			isa = XCRemoteSwiftPackageReference;
			repositoryURL = "https://github.com/adamrushy/OpenAISwift";
			requirement = {
				kind = upToNextMajorVersion;
				minimumVersion = 1.4.1;
			};
		};
/* End XCRemoteSwiftPackageReference section */

/* Begin XCSwiftPackageProductDependency section */
		AEE8333A2BAB511E00786D60 /* Alamofire */ = {
			isa = XCSwiftPackageProductDependency;
			package = AEE833392BAB511E00786D60 /* XCRemoteSwiftPackageReference "Alamofire" */;
			productName = Alamofire;
		};
		AEE8333C2BAB511E00786D60 /* AlamofireDynamic */ = {
			isa = XCSwiftPackageProductDependency;
			package = AEE833392BAB511E00786D60 /* XCRemoteSwiftPackageReference "Alamofire" */;
			productName = AlamofireDynamic;
		};
		AEE833422BAB520000786D60 /* OpenAISwift */ = {
			isa = XCSwiftPackageProductDependency;
			package = AEE833412BAB520000786D60 /* XCRemoteSwiftPackageReference "OpenAISwift" */;
			productName = OpenAISwift;
		};
/* End XCSwiftPackageProductDependency section */
	};
	rootObject = 13BF14E40FA2B47BC49CBC76 /* Project object */;
}
